
Microsoft Visual Studio Solution File, Format Version 12.00
# Visual Studio Version 17
VisualStudioVersion = 17.7.34031.279
MinimumVisualStudioVersion = 10.0.40219.1
Project("{FAE04EC0-301F-11D3-BF4B-00C04F79EFBC}") = "stud", "stud\stud.csproj", "{29476490-B792-4B7F-AB6D-07B273DD010E}"
EndProject
Global
	GlobalSection(SolutionConfigurationPlatforms) = preSolution
		Debug|Any CPU = Debug|Any CPU
		Release|Any CPU = Release|Any CPU
	EndGlobalSection
	GlobalSection(ProjectConfigurationPlatforms) = postSolution
		{29476490-B792-4B7F-AB6D-07B273DD010E}.Debug|Any CPU.ActiveCfg = Debug|Any CPU
		{29476490-B792-4B7F-AB6D-07B273DD010E}.Debug|Any CPU.Build.0 = Debug|Any CPU
		{29476490-B792-4B7F-AB6D-07B273DD010E}.Release|Any CPU.ActiveCfg = Release|Any CPU
		{29476490-B792-4B7F-AB6D-07B273DD010E}.Release|Any CPU.Build.0 = Release|Any CPU
	EndGlobalSection
	GlobalSection(SolutionProperties) = preSolution
		HideSolutionNode = FALSE
	EndGlobalSection
	GlobalSection(ExtensibilityGlobals) = postSolution
		SolutionGuid = {F50BDC25-4791-4E58-A0C9-467066EDB367}
	EndGlobalSection
EndGlobal
